
Microsoft Visual Studio Solution File, Format Version 12.00
# Visual Studio 15
VisualStudioVersion = 15.0.28307.1022
MinimumVisualStudioVersion = 10.0.40219.1
Project("{8BC9CEB8-8B4A-11D0-8D11-00A0C91BC942}") = "3D Graphics", "3D Graphics\Graphic Thing.vcxproj", "{81FF9820-4D7C-4AB7-86AD-3B82E4975C8D}"
EndProject
Global
	GlobalSection(SolutionConfigurationPlatforms) = preSolution
		Debug|x64 = Debug|x64
		Debug|x86 = Debug|x86
		Release|x64 = Release|x64
		Release|x86 = Release|x86
	EndGlobalSection
	GlobalSection(ProjectConfigurationPlatforms) = postSolution
		{81FF9820-4D7C-4AB7-86AD-3B82E4975C8D}.Debug|x64.ActiveCfg = Debug|x64
		{81FF9820-4D7C-4AB7-86AD-3B82E4975C8D}.Debug|x64.Build.0 = Debug|x64
		{81FF9820-4D7C-4AB7-86AD-3B82E4975C8D}.Debug|x86.ActiveCfg = Debug|Win32
		{81FF9820-4D7C-4AB7-86AD-3B82E4975C8D}.Debug|x86.Build.0 = Debug|Win32
		{81FF9820-4D7C-4AB7-86AD-3B82E4975C8D}.Release|x64.ActiveCfg = Release|x64
		{81FF9820-4D7C-4AB7-86AD-3B82E4975C8D}.Release|x64.Build.0 = Release|x64
		{81FF9820-4D7C-4AB7-86AD-3B82E4975C8D}.Release|x86.ActiveCfg = Release|Win32
		{81FF9820-4D7C-4AB7-86AD-3B82E4975C8D}.Release|x86.Build.0 = Release|Win32
	EndGlobalSection
	GlobalSection(SolutionProperties) = preSolution
		HideSolutionNode = FALSE
	EndGlobalSection
	GlobalSection(ExtensibilityGlobals) = postSolution
		SolutionGuid = {DA54E957-BCF5-433A-A972-06DC24FDECF4}
	EndGlobalSection
EndGlobal
