<?xml version="1.0" encoding="utf-8"?>
<Project ToolsVersion="4.0" xmlns="http://schemas.microsoft.com/developer/msbuild/2003">
  <ItemGroup>
    <Filter Include="Source Files">
      <UniqueIdentifier>{4FC737F1-C7A5-4376-A066-2A32D752A2FF}</UniqueIdentifier>
      <Extensions>cpp;c;cc;cxx;def;odl;idl;hpj;bat;asm;asmx</Extensions>
    </Filter>
    <Filter Include="Header Files">
      <UniqueIdentifier>{93995380-89BD-4b04-88EB-625FBE52EBFB}</UniqueIdentifier>
      <Extensions>h;hh;hpp;hxx;hm;inl;inc;ipp;xsd</Extensions>
    </Filter>
    <Filter Include="Resource Files">
      <UniqueIdentifier>{67DA6AB6-F800-4c08-8B7A-83BB121AAD01}</UniqueIdentifier>
      <Extensions>rc;ico;cur;bmp;dlg;rc2;rct;bin;rgs;gif;jpg;jpeg;jpe;resx;tiff;tif;png;wav;mfcribbon-ms</Extensions>
    </Filter>
  </ItemGroup>
  <ItemGroup>
    <ClCompile Include="Main.cpp">
      <Filter>Source Files</Filter>
    </ClCompile>
    <ClCompile Include="ShaderLoader.cpp">
      <Filter>Source Files</Filter>
    </ClCompile>
    <ClCompile Include="camera.cpp">
      <Filter>Source Files</Filter>
    </ClCompile>
    <ClCompile Include="gameManager.cpp">
      <Filter>Source Files</Filter>
    </ClCompile>
    <ClCompile Include="time.cpp">
      <Filter>Source Files</Filter>
    </ClCompile>
    <ClCompile Include="prefab.cpp">
      <Filter>Source Files</Filter>
    </ClCompile>
    <ClCompile Include="input.cpp">
      <Filter>Source Files</Filter>
    </ClCompile>
    <ClCompile Include="TextLabel.cpp">
      <Filter>Source Files</Filter>
    </ClCompile>
    <ClCompile Include="mesh.cpp">
      <Filter>Source Files</Filter>
    </ClCompile>
    <ClCompile Include="Texture.cpp">
      <Filter>Source Files</Filter>
    </ClCompile>
    <ClCompile Include="enemy.cpp">
      <Filter>Source Files</Filter>
    </ClCompile>
    <ClCompile Include="player.cpp">
      <Filter>Source Files</Filter>
    </ClCompile>
    <ClCompile Include="bullet.cpp">
      <Filter>Source Files</Filter>
    </ClCompile>
    <ClCompile Include="particle.cpp">
      <Filter>Source Files</Filter>
    </ClCompile>
    <ClCompile Include="explode.cpp">
      <Filter>Source Files</Filter>
    </ClCompile>
    <ClCompile Include="audio.cpp">
      <Filter>Source Files</Filter>
    </ClCompile>
    <ClCompile Include="Model.cpp">
      <Filter>Source Files</Filter>
    </ClCompile>
    <ClCompile Include="ModelMesh.cpp">
      <Filter>Source Files</Filter>
    </ClCompile>
    <ClCompile Include="cubemap.cpp">
      <Filter>Source Files</Filter>
    </ClCompile>
    <ClCompile Include="healthBar.cpp">
      <Filter>Source Files</Filter>
    </ClCompile>
    <ClCompile Include="button.cpp">
      <Filter>Source Files</Filter>
    </ClCompile>
  </ItemGroup>
  <ItemGroup>
    <ClInclude Include="ShaderLoader.h">
      <Filter>Header Files</Filter>
    </ClInclude>
    <ClInclude Include="Utils.h">
      <Filter>Header Files</Filter>
    </ClInclude>
    <ClInclude Include="camera.h">
      <Filter>Header Files</Filter>
    </ClInclude>
    <ClInclude Include="gameManager.h">
      <Filter>Header Files</Filter>
    </ClInclude>
    <ClInclude Include="time.h">
      <Filter>Header Files</Filter>
    </ClInclude>
    <ClInclude Include="prefab.h">
      <Filter>Header Files</Filter>
    </ClInclude>
    <ClInclude Include="input.h">
      <Filter>Header Files</Filter>
    </ClInclude>
    <ClInclude Include="TextLabel.h">
      <Filter>Header Files</Filter>
    </ClInclude>
    <ClInclude Include="mesh.h">
      <Filter>Header Files</Filter>
    </ClInclude>
    <ClInclude Include="Texture.h">
      <Filter>Header Files</Filter>
    </ClInclude>
    <ClInclude Include="enemy.h">
      <Filter>Header Files</Filter>
    </ClInclude>
    <ClInclude Include="player.h">
      <Filter>Header Files</Filter>
    </ClInclude>
    <ClInclude Include="bullet.h">
      <Filter>Header Files</Filter>
    </ClInclude>
    <ClInclude Include="particle.h">
      <Filter>Header Files</Filter>
    </ClInclude>
    <ClInclude Include="explode.h">
      <Filter>Header Files</Filter>
    </ClInclude>
    <ClInclude Include="audio.h">
      <Filter>Header Files</Filter>
    </ClInclude>
    <ClInclude Include="Model.h">
      <Filter>Header Files</Filter>
    </ClInclude>
    <ClInclude Include="ModelMesh.h">
      <Filter>Header Files</Filter>
    </ClInclude>
    <ClInclude Include="cubemap.h">
      <Filter>Header Files</Filter>
    </ClInclude>
    <ClInclude Include="healthBar.h">
      <Filter>Header Files</Filter>
    </ClInclude>
    <ClInclude Include="button.h">
      <Filter>Header Files</Filter>
    </ClInclude>
  </ItemGroup>
  <ItemGroup>
    <Text Include="Resources\Shaders\fragshader.txt">
      <Filter>Resource Files</Filter>
    </Text>
    <Text Include="Resources\Shaders\fragshader2.txt">
      <Filter>Resource Files</Filter>
    </Text>
    <Text Include="Resources\Shaders\textVertexShader.txt">
      <Filter>Resource Files</Filter>
    </Text>
    <Text Include="Resources\Shaders\textFragmentShader.txt">
      <Filter>Resource Files</Filter>
    </Text>
    <Text Include="Resources\Shaders\CMFshader.txt">
      <Filter>Resource Files</Filter>
    </Text>
    <Text Include="Resources\Shaders\CMRFshader.txt">
      <Filter>Resource Files</Filter>
    </Text>
    <Text Include="Resources\Shaders\CMRvertexshader.txt">
      <Filter>Resource Files</Filter>
    </Text>
    <Text Include="Resources\Shaders\CMvertexshader.txt">
      <Filter>Resource Files</Filter>
    </Text>
    <Text Include="Resources\Shaders\ModelFshader.txt">
      <Filter>Resource Files</Filter>
    </Text>
    <Text Include="Resources\Shaders\ModelVShader.txt">
      <Filter>Resource Files</Filter>
    </Text>
    <Text Include="Resources\Shaders\phongFshader.txt">
      <Filter>Resource Files</Filter>
    </Text>
    <Text Include="Resources\Shaders\rimFshader.txt">
      <Filter>Resource Files</Filter>
    </Text>
    <Text Include="Resources\Shaders\blinnFshader.txt">
      <Filter>Resource Files</Filter>
    </Text>
    <Text Include="Resources\Shaders\3Dvertexshader.txt">
      <Filter>Resource Files</Filter>
    </Text>
    <Text Include="Resources\Shaders\vertexshader.txt">
      <Filter>Resource Files</Filter>
    </Text>
  </ItemGroup>
</Project>