<?xml version="1.0" encoding="utf-8"?>
<Project ToolsVersion="4.0" xmlns="http://schemas.microsoft.com/developer/msbuild/2003">
  <ItemGroup>
    <Filter Include="Source Files">
      <UniqueIdentifier>{4FC737F1-C7A5-4376-A066-2A32D752A2FF}</UniqueIdentifier>
      <Extensions>cpp;c;cc;cxx;def;odl;idl;hpj;bat;asm;asmx</Extensions>
    </Filter>
    <Filter Include="Header Files">
      <UniqueIdentifier>{93995380-89BD-4b04-88EB-625FBE52EBFB}</UniqueIdentifier>
      <Extensions>h;hh;hpp;hxx;hm;inl;inc;ipp;xsd</Extensions>
    </Filter>
    <Filter Include="Resource Files">
      <UniqueIdentifier>{67DA6AB6-F800-4c08-8B7A-83BB121AAD01}</UniqueIdentifier>
      <Extensions>rc;ico;cur;bmp;dlg;rc2;rct;bin;rgs;gif;jpg;jpeg;jpe;resx;tiff;tif;png;wav;mfcribbon-ms</Extensions>
    </Filter>
  </ItemGroup>
  <ItemGroup>
    <ClCompile Include="Source\audio.cpp">
      <Filter>Source Files</Filter>
    </ClCompile>
    <ClCompile Include="Source\bullet.cpp">
      <Filter>Source Files</Filter>
    </ClCompile>
    <ClCompile Include="Source\button.cpp">
      <Filter>Source Files</Filter>
    </ClCompile>
    <ClCompile Include="Source\camera.cpp">
      <Filter>Source Files</Filter>
    </ClCompile>
    <ClCompile Include="Source\cubemap.cpp">
      <Filter>Source Files</Filter>
    </ClCompile>
    <ClCompile Include="Source\enemy.cpp">
      <Filter>Source Files</Filter>
    </ClCompile>
    <ClCompile Include="Source\explode.cpp">
      <Filter>Source Files</Filter>
    </ClCompile>
    <ClCompile Include="Source\gameManager.cpp">
      <Filter>Source Files</Filter>
    </ClCompile>
    <ClCompile Include="Source\healthBar.cpp">
      <Filter>Source Files</Filter>
    </ClCompile>
    <ClCompile Include="Source\input.cpp">
      <Filter>Source Files</Filter>
    </ClCompile>
    <ClCompile Include="Source\Main.cpp">
      <Filter>Source Files</Filter>
    </ClCompile>
    <ClCompile Include="Source\mesh.cpp">
      <Filter>Source Files</Filter>
    </ClCompile>
    <ClCompile Include="Source\Model.cpp">
      <Filter>Source Files</Filter>
    </ClCompile>
    <ClCompile Include="Source\ModelMesh.cpp">
      <Filter>Source Files</Filter>
    </ClCompile>
    <ClCompile Include="Source\particle.cpp">
      <Filter>Source Files</Filter>
    </ClCompile>
    <ClCompile Include="Source\player.cpp">
      <Filter>Source Files</Filter>
    </ClCompile>
    <ClCompile Include="Source\prefab.cpp">
      <Filter>Source Files</Filter>
    </ClCompile>
    <ClCompile Include="Source\ShaderLoader.cpp">
      <Filter>Source Files</Filter>
    </ClCompile>
    <ClCompile Include="Source\TextLabel.cpp">
      <Filter>Source Files</Filter>
    </ClCompile>
    <ClCompile Include="Source\Texture.cpp">
      <Filter>Source Files</Filter>
    </ClCompile>
    <ClCompile Include="Source\time.cpp">
      <Filter>Source Files</Filter>
    </ClCompile>
  </ItemGroup>
  <ItemGroup>
    <ClInclude Include="Source\audio.h">
      <Filter>Header Files</Filter>
    </ClInclude>
    <ClInclude Include="Source\bullet.h">
      <Filter>Header Files</Filter>
    </ClInclude>
    <ClInclude Include="Source\button.h">
      <Filter>Header Files</Filter>
    </ClInclude>
    <ClInclude Include="Source\camera.h">
      <Filter>Header Files</Filter>
    </ClInclude>
    <ClInclude Include="Source\cubemap.h">
      <Filter>Header Files</Filter>
    </ClInclude>
    <ClInclude Include="Source\enemy.h">
      <Filter>Header Files</Filter>
    </ClInclude>
    <ClInclude Include="Source\explode.h">
      <Filter>Header Files</Filter>
    </ClInclude>
    <ClInclude Include="Source\gameManager.h">
      <Filter>Header Files</Filter>
    </ClInclude>
    <ClInclude Include="Source\healthBar.h">
      <Filter>Header Files</Filter>
    </ClInclude>
    <ClInclude Include="Source\input.h">
      <Filter>Header Files</Filter>
    </ClInclude>
    <ClInclude Include="Source\mesh.h">
      <Filter>Header Files</Filter>
    </ClInclude>
    <ClInclude Include="Source\Model.h">
      <Filter>Header Files</Filter>
    </ClInclude>
    <ClInclude Include="Source\ModelMesh.h">
      <Filter>Header Files</Filter>
    </ClInclude>
    <ClInclude Include="Source\particle.h">
      <Filter>Header Files</Filter>
    </ClInclude>
    <ClInclude Include="Source\player.h">
      <Filter>Header Files</Filter>
    </ClInclude>
    <ClInclude Include="Source\prefab.h">
      <Filter>Header Files</Filter>
    </ClInclude>
    <ClInclude Include="Source\ShaderLoader.h">
      <Filter>Header Files</Filter>
    </ClInclude>
    <ClInclude Include="Source\TextLabel.h">
      <Filter>Header Files</Filter>
    </ClInclude>
    <ClInclude Include="Source\Texture.h">
      <Filter>Header Files</Filter>
    </ClInclude>
    <ClInclude Include="Source\time.h">
      <Filter>Header Files</Filter>
    </ClInclude>
    <ClInclude Include="Source\Utils.h">
      <Filter>Header Files</Filter>
    </ClInclude>
  </ItemGroup>
  <ItemGroup>
    <Text Include="Resources\Shaders\fragshader.txt">
      <Filter>Resource Files</Filter>
    </Text>
    <Text Include="Resources\Shaders\fragshader2.txt">
      <Filter>Resource Files</Filter>
    </Text>
    <Text Include="Resources\Shaders\textVertexShader.txt">
      <Filter>Resource Files</Filter>
    </Text>
    <Text Include="Resources\Shaders\textFragmentShader.txt">
      <Filter>Resource Files</Filter>
    </Text>
    <Text Include="Resources\Shaders\CMFshader.txt">
      <Filter>Resource Files</Filter>
    </Text>
    <Text Include="Resources\Shaders\CMRFshader.txt">
      <Filter>Resource Files</Filter>
    </Text>
    <Text Include="Resources\Shaders\CMRvertexshader.txt">
      <Filter>Resource Files</Filter>
    </Text>
    <Text Include="Resources\Shaders\CMvertexshader.txt">
      <Filter>Resource Files</Filter>
    </Text>
    <Text Include="Resources\Shaders\ModelFshader.txt">
      <Filter>Resource Files</Filter>
    </Text>
    <Text Include="Resources\Shaders\ModelVShader.txt">
      <Filter>Resource Files</Filter>
    </Text>
    <Text Include="Resources\Shaders\phongFshader.txt">
      <Filter>Resource Files</Filter>
    </Text>
    <Text Include="Resources\Shaders\rimFshader.txt">
      <Filter>Resource Files</Filter>
    </Text>
    <Text Include="Resources\Shaders\blinnFshader.txt">
      <Filter>Resource Files</Filter>
    </Text>
    <Text Include="Resources\Shaders\3Dvertexshader.txt">
      <Filter>Resource Files</Filter>
    </Text>
    <Text Include="Resources\Shaders\vertexshader.txt">
      <Filter>Resource Files</Filter>
    </Text>
  </ItemGroup>
</Project>